
Microsoft Visual Studio Solution File, Format Version 12.00
# Visual Studio 2012
Project("{FAE04EC0-301F-11D3-BF4B-00C04F79EFBC}") = "test2012_csharp", "test2012_csharp\test2012_csharp.csproj", "{ED39284B-8105-4DB1-8B12-A1AEB6C2CE76}"
EndProject
Global
	GlobalSection(SolutionConfigurationPlatforms) = preSolution
		Debug|Any CPU = Debug|Any CPU
		Release|Any CPU = Release|Any CPU
	EndGlobalSection
	GlobalSection(ProjectConfigurationPlatforms) = postSolution
		{ED39284B-8105-4DB1-8B12-A1AEB6C2CE76}.Debug|Any CPU.ActiveCfg = Debug|Any CPU
		{ED39284B-8105-4DB1-8B12-A1AEB6C2CE76}.Debug|Any CPU.Build.0 = Debug|Any CPU
		{ED39284B-8105-4DB1-8B12-A1AEB6C2CE76}.Release|Any CPU.ActiveCfg = Release|Any CPU
		{ED39284B-8105-4DB1-8B12-A1AEB6C2CE76}.Release|Any CPU.Build.0 = Release|Any CPU
	EndGlobalSection
	GlobalSection(SolutionProperties) = preSolution
		HideSolutionNode = FALSE
	EndGlobalSection
EndGlobal
